
Microsoft Visual Studio Solution File, Format Version 12.00
# Visual Studio Version 17
VisualStudioVersion = 17.8.34309.116
MinimumVisualStudioVersion = 10.0.40219.1
Project("{FAE04EC0-301F-11D3-BF4B-00C04F79EFBC}") = "CloudFactory", "CloudFactory.csproj", "{B9FD0E78-7AE1-462D-A3C4-E55539BFE9BE}"
EndProject
Global
	GlobalSection(SolutionConfigurationPlatforms) = preSolution
		Debug|Any CPU = Debug|Any CPU
		Release|Any CPU = Release|Any CPU
	EndGlobalSection
	GlobalSection(ProjectConfigurationPlatforms) = postSolution
		{B9FD0E78-7AE1-462D-A3C4-E55539BFE9BE}.Debug|Any CPU.ActiveCfg = Debug|Any CPU
		{B9FD0E78-7AE1-462D-A3C4-E55539BFE9BE}.Debug|Any CPU.Build.0 = Debug|Any CPU
		{B9FD0E78-7AE1-462D-A3C4-E55539BFE9BE}.Release|Any CPU.ActiveCfg = Release|Any CPU
		{B9FD0E78-7AE1-462D-A3C4-E55539BFE9BE}.Release|Any CPU.Build.0 = Release|Any CPU
	EndGlobalSection
	GlobalSection(SolutionProperties) = preSolution
		HideSolutionNode = FALSE
	EndGlobalSection
	GlobalSection(ExtensibilityGlobals) = postSolution
		SolutionGuid = {689044B9-F987-4578-A822-A3E45E30B19B}
	EndGlobalSection
EndGlobal
